
Microsoft Visual Studio Solution File, Format Version 12.00
# Visual Studio 15
VisualStudioVersion = 15.0.27130.2024
MinimumVisualStudioVersion = 10.0.40219.1
Project("{9A19103F-16F7-4668-BE54-9A1E7A4F7556}") = "EchoActor", "EchoActor\EchoActor.csproj", "{68150777-0B80-456A-81A5-87F9DB7F5271}"
EndProject
Project("{9A19103F-16F7-4668-BE54-9A1E7A4F7556}") = "TestABRouter", "TestABRouter\TestABRouter.csproj", "{AC25FF97-4923-448C-BA27-B7C42D0A3F2E}"
EndProject
Project("{9A19103F-16F7-4668-BE54-9A1E7A4F7556}") = "Deployer", "Deployer\Deployer.csproj", "{A1FF7803-36C2-49ED-B2ED-F227B9E32AE5}"
EndProject
Project("{9A19103F-16F7-4668-BE54-9A1E7A4F7556}") = "TestClusterRouter1", "TestClusterRouter1\TestClusterRouter1.csproj", "{B6E47104-C300-45E0-8348-581A5E0E47B6}"
EndProject
Project("{9A19103F-16F7-4668-BE54-9A1E7A4F7556}") = "Hexagon", "Hexagon\Hexagon.csproj", "{01610DBB-FA8E-4455-AE5E-553ADA52CE6B}"
EndProject
Project("{9A19103F-16F7-4668-BE54-9A1E7A4F7556}") = "Hexagon.Akka", "Hexagon.Akka\Hexagon.Akka.csproj", "{0E80402A-E9A3-4591-9BA6-4EA1A8C76D34}"
EndProject
Project("{FAE04EC0-301F-11D3-BF4B-00C04F79EFBC}") = "Hexagon.Tests", "Hexagon.Tests\Hexagon.Tests.csproj", "{43418FC0-0B23-4228-85E0-8AC0A71D2740}"
EndProject
Project("{9A19103F-16F7-4668-BE54-9A1E7A4F7556}") = "Hexagon.Akka.UnitTests", "Hexagon.Akka.UnitTests\Hexagon.Akka.UnitTests.csproj", "{F781DD35-8796-4503-BE16-AA5462B79BC5}"
EndProject
Project("{9A19103F-16F7-4668-BE54-9A1E7A4F7556}") = "Hexagon.Akka.MultinodeTests", "Hexagon.Akka.MultinodeTests\Hexagon.Akka.MultinodeTests.csproj", "{C5168990-4497-42A3-827B-B98443BE15AC}"
EndProject
Project("{FAE04EC0-301F-11D3-BF4B-00C04F79EFBC}") = "Hexagon.AkkaNode", "Hexagon.AkkaNode\Hexagon.AkkaNode.csproj", "{46FA4CC5-F70C-4F30-8BC3-437612EEF243}"
EndProject
Project("{FAE04EC0-301F-11D3-BF4B-00C04F79EFBC}") = "Hexagon.AkkaNode.Sample1", "Hexagon.AkkaNode.Sample1\Hexagon.AkkaNode.Sample1.csproj", "{000FFEB2-2CE7-4AE4-A492-C1F65EE71BB9}"
EndProject
Project("{9A19103F-16F7-4668-BE54-9A1E7A4F7556}") = "Hexagon.AkkaNode.Sample2", "Hexagon.AkkaNode.Sample2\Hexagon.AkkaNode.Sample2.csproj", "{84A0C91F-EA8B-4EBB-A237-E1F15F45F086}"
EndProject
Global
	GlobalSection(SolutionConfigurationPlatforms) = preSolution
		Debug|Any CPU = Debug|Any CPU
		Release|Any CPU = Release|Any CPU
	EndGlobalSection
	GlobalSection(ProjectConfigurationPlatforms) = postSolution
		{68150777-0B80-456A-81A5-87F9DB7F5271}.Debug|Any CPU.ActiveCfg = Debug|Any CPU
		{68150777-0B80-456A-81A5-87F9DB7F5271}.Debug|Any CPU.Build.0 = Debug|Any CPU
		{68150777-0B80-456A-81A5-87F9DB7F5271}.Release|Any CPU.ActiveCfg = Release|Any CPU
		{68150777-0B80-456A-81A5-87F9DB7F5271}.Release|Any CPU.Build.0 = Release|Any CPU
		{AC25FF97-4923-448C-BA27-B7C42D0A3F2E}.Debug|Any CPU.ActiveCfg = Debug|Any CPU
		{AC25FF97-4923-448C-BA27-B7C42D0A3F2E}.Debug|Any CPU.Build.0 = Debug|Any CPU
		{AC25FF97-4923-448C-BA27-B7C42D0A3F2E}.Release|Any CPU.ActiveCfg = Release|Any CPU
		{AC25FF97-4923-448C-BA27-B7C42D0A3F2E}.Release|Any CPU.Build.0 = Release|Any CPU
		{A1FF7803-36C2-49ED-B2ED-F227B9E32AE5}.Debug|Any CPU.ActiveCfg = Debug|Any CPU
		{A1FF7803-36C2-49ED-B2ED-F227B9E32AE5}.Debug|Any CPU.Build.0 = Debug|Any CPU
		{A1FF7803-36C2-49ED-B2ED-F227B9E32AE5}.Release|Any CPU.ActiveCfg = Release|Any CPU
		{A1FF7803-36C2-49ED-B2ED-F227B9E32AE5}.Release|Any CPU.Build.0 = Release|Any CPU
		{B6E47104-C300-45E0-8348-581A5E0E47B6}.Debug|Any CPU.ActiveCfg = Debug|Any CPU
		{B6E47104-C300-45E0-8348-581A5E0E47B6}.Debug|Any CPU.Build.0 = Debug|Any CPU
		{B6E47104-C300-45E0-8348-581A5E0E47B6}.Release|Any CPU.ActiveCfg = Release|Any CPU
		{B6E47104-C300-45E0-8348-581A5E0E47B6}.Release|Any CPU.Build.0 = Release|Any CPU
		{01610DBB-FA8E-4455-AE5E-553ADA52CE6B}.Debug|Any CPU.ActiveCfg = Debug|Any CPU
		{01610DBB-FA8E-4455-AE5E-553ADA52CE6B}.Debug|Any CPU.Build.0 = Debug|Any CPU
		{01610DBB-FA8E-4455-AE5E-553ADA52CE6B}.Release|Any CPU.ActiveCfg = Release|Any CPU
		{01610DBB-FA8E-4455-AE5E-553ADA52CE6B}.Release|Any CPU.Build.0 = Release|Any CPU
		{0E80402A-E9A3-4591-9BA6-4EA1A8C76D34}.Debug|Any CPU.ActiveCfg = Debug|Any CPU
		{0E80402A-E9A3-4591-9BA6-4EA1A8C76D34}.Debug|Any CPU.Build.0 = Debug|Any CPU
		{0E80402A-E9A3-4591-9BA6-4EA1A8C76D34}.Release|Any CPU.ActiveCfg = Release|Any CPU
		{0E80402A-E9A3-4591-9BA6-4EA1A8C76D34}.Release|Any CPU.Build.0 = Release|Any CPU
		{43418FC0-0B23-4228-85E0-8AC0A71D2740}.Debug|Any CPU.ActiveCfg = Debug|Any CPU
		{43418FC0-0B23-4228-85E0-8AC0A71D2740}.Debug|Any CPU.Build.0 = Debug|Any CPU
		{43418FC0-0B23-4228-85E0-8AC0A71D2740}.Release|Any CPU.ActiveCfg = Release|Any CPU
		{43418FC0-0B23-4228-85E0-8AC0A71D2740}.Release|Any CPU.Build.0 = Release|Any CPU
		{F781DD35-8796-4503-BE16-AA5462B79BC5}.Debug|Any CPU.ActiveCfg = Debug|Any CPU
		{F781DD35-8796-4503-BE16-AA5462B79BC5}.Debug|Any CPU.Build.0 = Debug|Any CPU
		{F781DD35-8796-4503-BE16-AA5462B79BC5}.Release|Any CPU.ActiveCfg = Release|Any CPU
		{F781DD35-8796-4503-BE16-AA5462B79BC5}.Release|Any CPU.Build.0 = Release|Any CPU
		{C5168990-4497-42A3-827B-B98443BE15AC}.Debug|Any CPU.ActiveCfg = Debug|Any CPU
		{C5168990-4497-42A3-827B-B98443BE15AC}.Debug|Any CPU.Build.0 = Debug|Any CPU
		{C5168990-4497-42A3-827B-B98443BE15AC}.Release|Any CPU.ActiveCfg = Release|Any CPU
		{C5168990-4497-42A3-827B-B98443BE15AC}.Release|Any CPU.Build.0 = Release|Any CPU
		{46FA4CC5-F70C-4F30-8BC3-437612EEF243}.Debug|Any CPU.ActiveCfg = Debug|Any CPU
		{46FA4CC5-F70C-4F30-8BC3-437612EEF243}.Debug|Any CPU.Build.0 = Debug|Any CPU
		{46FA4CC5-F70C-4F30-8BC3-437612EEF243}.Release|Any CPU.ActiveCfg = Release|Any CPU
		{46FA4CC5-F70C-4F30-8BC3-437612EEF243}.Release|Any CPU.Build.0 = Release|Any CPU
		{000FFEB2-2CE7-4AE4-A492-C1F65EE71BB9}.Debug|Any CPU.ActiveCfg = Debug|Any CPU
		{000FFEB2-2CE7-4AE4-A492-C1F65EE71BB9}.Debug|Any CPU.Build.0 = Debug|Any CPU
		{000FFEB2-2CE7-4AE4-A492-C1F65EE71BB9}.Release|Any CPU.ActiveCfg = Release|Any CPU
		{000FFEB2-2CE7-4AE4-A492-C1F65EE71BB9}.Release|Any CPU.Build.0 = Release|Any CPU
		{84A0C91F-EA8B-4EBB-A237-E1F15F45F086}.Debug|Any CPU.ActiveCfg = Debug|Any CPU
		{84A0C91F-EA8B-4EBB-A237-E1F15F45F086}.Debug|Any CPU.Build.0 = Debug|Any CPU
		{84A0C91F-EA8B-4EBB-A237-E1F15F45F086}.Release|Any CPU.ActiveCfg = Release|Any CPU
		{84A0C91F-EA8B-4EBB-A237-E1F15F45F086}.Release|Any CPU.Build.0 = Release|Any CPU
	EndGlobalSection
	GlobalSection(SolutionProperties) = preSolution
		HideSolutionNode = FALSE
	EndGlobalSection
	GlobalSection(ExtensibilityGlobals) = postSolution
		SolutionGuid = {3FAC275A-89B4-4B40-992B-61DDF8727487}
	EndGlobalSection
EndGlobal
